
Microsoft Visual Studio Solution File, Format Version 12.00
# Visual Studio Version 17
VisualStudioVersion = 17.13.35913.81 d17.13
MinimumVisualStudioVersion = 10.0.40219.1
Project("{FAE04EC0-301F-11D3-BF4B-00C04F79EFBC}") = "TestPractice", "TestPractice.csproj", "{2E76F203-2405-436D-BC8A-B43BF84858AF}"
EndProject
Global
	GlobalSection(SolutionConfigurationPlatforms) = preSolution
		Debug|Any CPU = Debug|Any CPU
		Release|Any CPU = Release|Any CPU
	EndGlobalSection
	GlobalSection(ProjectConfigurationPlatforms) = postSolution
		{2E76F203-2405-436D-BC8A-B43BF84858AF}.Debug|Any CPU.ActiveCfg = Debug|Any CPU
		{2E76F203-2405-436D-BC8A-B43BF84858AF}.Debug|Any CPU.Build.0 = Debug|Any CPU
		{2E76F203-2405-436D-BC8A-B43BF84858AF}.Release|Any CPU.ActiveCfg = Release|Any CPU
		{2E76F203-2405-436D-BC8A-B43BF84858AF}.Release|Any CPU.Build.0 = Release|Any CPU
	EndGlobalSection
	GlobalSection(SolutionProperties) = preSolution
		HideSolutionNode = FALSE
	EndGlobalSection
	GlobalSection(ExtensibilityGlobals) = postSolution
		SolutionGuid = {1E31048B-A8AF-4276-AE74-A30EEA84DC2F}
	EndGlobalSection
EndGlobal
